
Microsoft Visual Studio Solution File, Format Version 12.00
# Visual Studio Version 16
VisualStudioVersion = 16.0.30128.74
MinimumVisualStudioVersion = 10.0.40219.1
Project("{F2A71F9B-5D33-465A-A702-920D77279786}") = "WebPages", "WebPages\WebPages.fsproj", "{E88534F6-C316-4FF3-B5A6-DCC431C0899C}"
EndProject
Global
	GlobalSection(SolutionConfigurationPlatforms) = preSolution
		Debug|Any CPU = Debug|Any CPU
		Release|Any CPU = Release|Any CPU
	EndGlobalSection
	GlobalSection(ProjectConfigurationPlatforms) = postSolution
		{E88534F6-C316-4FF3-B5A6-DCC431C0899C}.Debug|Any CPU.ActiveCfg = Debug|Any CPU
		{E88534F6-C316-4FF3-B5A6-DCC431C0899C}.Debug|Any CPU.Build.0 = Debug|Any CPU
		{E88534F6-C316-4FF3-B5A6-DCC431C0899C}.Release|Any CPU.ActiveCfg = Release|Any CPU
		{E88534F6-C316-4FF3-B5A6-DCC431C0899C}.Release|Any CPU.Build.0 = Release|Any CPU
	EndGlobalSection
	GlobalSection(SolutionProperties) = preSolution
		HideSolutionNode = FALSE
	EndGlobalSection
	GlobalSection(ExtensibilityGlobals) = postSolution
		SolutionGuid = {49BBD8AD-359F-4B21-BC14-B5C94A9070AC}
	EndGlobalSection
EndGlobal
