
Microsoft Visual Studio Solution File, Format Version 12.00
# Visual Studio Version 16
VisualStudioVersion = 16.0.30114.105
MinimumVisualStudioVersion = 10.0.40219.1
Project("{6EC3EE1D-3C4E-46DD-8F32-0CC8E7565705}") = "Phonebook", "Phonebook\Phonebook.fsproj", "{102DA09A-53D6-4CBF-81F2-916E10E5EB66}"
EndProject
Project("{2150E333-8FDC-42A3-9474-1A3956D46DE8}") = "Solution Items", "Solution Items", "{7DEB5940-3237-41C0-991F-C299BB81A861}"
	ProjectSection(SolutionItems) = preProject
		Phonebook\Phonebook.txt = Phonebook\Phonebook.txt
	EndProjectSection
EndProject
Project("{F2A71F9B-5D33-465A-A702-920D77279786}") = "PhonebookTests", "PhonebookTests\PhonebookTests.fsproj", "{36D237E0-840C-4431-9761-45473471E1DE}"
EndProject
Global
	GlobalSection(SolutionConfigurationPlatforms) = preSolution
		Debug|Any CPU = Debug|Any CPU
		Release|Any CPU = Release|Any CPU
	EndGlobalSection
	GlobalSection(ProjectConfigurationPlatforms) = postSolution
		{102DA09A-53D6-4CBF-81F2-916E10E5EB66}.Debug|Any CPU.ActiveCfg = Debug|Any CPU
		{102DA09A-53D6-4CBF-81F2-916E10E5EB66}.Debug|Any CPU.Build.0 = Debug|Any CPU
		{102DA09A-53D6-4CBF-81F2-916E10E5EB66}.Release|Any CPU.ActiveCfg = Release|Any CPU
		{102DA09A-53D6-4CBF-81F2-916E10E5EB66}.Release|Any CPU.Build.0 = Release|Any CPU
		{36D237E0-840C-4431-9761-45473471E1DE}.Debug|Any CPU.ActiveCfg = Debug|Any CPU
		{36D237E0-840C-4431-9761-45473471E1DE}.Debug|Any CPU.Build.0 = Debug|Any CPU
		{36D237E0-840C-4431-9761-45473471E1DE}.Release|Any CPU.ActiveCfg = Release|Any CPU
		{36D237E0-840C-4431-9761-45473471E1DE}.Release|Any CPU.Build.0 = Release|Any CPU
	EndGlobalSection
	GlobalSection(SolutionProperties) = preSolution
		HideSolutionNode = FALSE
	EndGlobalSection
	GlobalSection(ExtensibilityGlobals) = postSolution
		SolutionGuid = {CB073510-16A7-49C5-9EC3-AB733EB7685E}
	EndGlobalSection
EndGlobal
